
Microsoft Visual Studio Solution File, Format Version 12.00
# Visual Studio 15
VisualStudioVersion = 15.0.27004.2008
MinimumVisualStudioVersion = 10.0.40219.1
Project("{FAE04EC0-301F-11D3-BF4B-00C04F79EFBC}") = "ScoutsEncoder", "ScoutsEncoder\ScoutsEncoder.csproj", "{47107894-541D-457E-AADB-8886E6ABD373}"
EndProject
Project("{FAE04EC0-301F-11D3-BF4B-00C04F79EFBC}") = "ScoutsEncoder.Tests", "ScoutsEncoder.Tests\ScoutsEncoder.Tests.csproj", "{0EA823B8-FC7E-4743-B707-B32511A72595}"
EndProject
Global
	GlobalSection(SolutionConfigurationPlatforms) = preSolution
		Debug|Any CPU = Debug|Any CPU
		Release|Any CPU = Release|Any CPU
	EndGlobalSection
	GlobalSection(ProjectConfigurationPlatforms) = postSolution
		{47107894-541D-457E-AADB-8886E6ABD373}.Debug|Any CPU.ActiveCfg = Debug|Any CPU
		{47107894-541D-457E-AADB-8886E6ABD373}.Debug|Any CPU.Build.0 = Debug|Any CPU
		{47107894-541D-457E-AADB-8886E6ABD373}.Release|Any CPU.ActiveCfg = Release|Any CPU
		{47107894-541D-457E-AADB-8886E6ABD373}.Release|Any CPU.Build.0 = Release|Any CPU
		{0EA823B8-FC7E-4743-B707-B32511A72595}.Debug|Any CPU.ActiveCfg = Debug|Any CPU
		{0EA823B8-FC7E-4743-B707-B32511A72595}.Debug|Any CPU.Build.0 = Debug|Any CPU
		{0EA823B8-FC7E-4743-B707-B32511A72595}.Release|Any CPU.ActiveCfg = Release|Any CPU
		{0EA823B8-FC7E-4743-B707-B32511A72595}.Release|Any CPU.Build.0 = Release|Any CPU
	EndGlobalSection
	GlobalSection(SolutionProperties) = preSolution
		HideSolutionNode = FALSE
	EndGlobalSection
	GlobalSection(ExtensibilityGlobals) = postSolution
		SolutionGuid = {CD124F94-B5E5-4D2B-A832-B849F0903BC5}
	EndGlobalSection
EndGlobal
