
Microsoft Visual Studio Solution File, Format Version 12.00
# Visual Studio Version 16
VisualStudioVersion = 16.0.30011.22
MinimumVisualStudioVersion = 10.0.40219.1
Project("{9A19103F-16F7-4668-BE54-9A1E7A4F7556}") = "Core", "Core\Core.csproj", "{481CD48D-A208-4043-903E-DA5A4DD90857}"
EndProject
Project("{9A19103F-16F7-4668-BE54-9A1E7A4F7556}") = "WindowsApp", "WindowsApp\WindowsApp.csproj", "{98E03F4F-CE05-4818-8240-4CA88B75A387}"
EndProject
Project("{9A19103F-16F7-4668-BE54-9A1E7A4F7556}") = "Core.Tests", "Core.Tests\Core.Tests.csproj", "{049402E6-8844-43D5-888F-7CB89E1B7A21}"
EndProject
Project("{9A19103F-16F7-4668-BE54-9A1E7A4F7556}") = "Services", "Services\Services.csproj", "{BC379982-6967-4769-AB6E-6EF851A789DB}"
EndProject
Global
	GlobalSection(SolutionConfigurationPlatforms) = preSolution
		Debug|Any CPU = Debug|Any CPU
		Release|Any CPU = Release|Any CPU
	EndGlobalSection
	GlobalSection(ProjectConfigurationPlatforms) = postSolution
		{481CD48D-A208-4043-903E-DA5A4DD90857}.Debug|Any CPU.ActiveCfg = Debug|Any CPU
		{481CD48D-A208-4043-903E-DA5A4DD90857}.Debug|Any CPU.Build.0 = Debug|Any CPU
		{481CD48D-A208-4043-903E-DA5A4DD90857}.Release|Any CPU.ActiveCfg = Release|Any CPU
		{481CD48D-A208-4043-903E-DA5A4DD90857}.Release|Any CPU.Build.0 = Release|Any CPU
		{98E03F4F-CE05-4818-8240-4CA88B75A387}.Debug|Any CPU.ActiveCfg = Debug|Any CPU
		{98E03F4F-CE05-4818-8240-4CA88B75A387}.Debug|Any CPU.Build.0 = Debug|Any CPU
		{98E03F4F-CE05-4818-8240-4CA88B75A387}.Release|Any CPU.ActiveCfg = Release|Any CPU
		{98E03F4F-CE05-4818-8240-4CA88B75A387}.Release|Any CPU.Build.0 = Release|Any CPU
		{049402E6-8844-43D5-888F-7CB89E1B7A21}.Debug|Any CPU.ActiveCfg = Debug|Any CPU
		{049402E6-8844-43D5-888F-7CB89E1B7A21}.Debug|Any CPU.Build.0 = Debug|Any CPU
		{049402E6-8844-43D5-888F-7CB89E1B7A21}.Release|Any CPU.ActiveCfg = Release|Any CPU
		{049402E6-8844-43D5-888F-7CB89E1B7A21}.Release|Any CPU.Build.0 = Release|Any CPU
		{BC379982-6967-4769-AB6E-6EF851A789DB}.Debug|Any CPU.ActiveCfg = Debug|Any CPU
		{BC379982-6967-4769-AB6E-6EF851A789DB}.Debug|Any CPU.Build.0 = Debug|Any CPU
		{BC379982-6967-4769-AB6E-6EF851A789DB}.Release|Any CPU.ActiveCfg = Release|Any CPU
		{BC379982-6967-4769-AB6E-6EF851A789DB}.Release|Any CPU.Build.0 = Release|Any CPU
	EndGlobalSection
	GlobalSection(SolutionProperties) = preSolution
		HideSolutionNode = FALSE
	EndGlobalSection
	GlobalSection(ExtensibilityGlobals) = postSolution
		SolutionGuid = {CD124F94-B5E5-4D2B-A832-B849F0903BC5}
	EndGlobalSection
EndGlobal
