
Microsoft Visual Studio Solution File, Format Version 12.00
# Visual Studio Version 16
VisualStudioVersion = 16.0.30011.22
MinimumVisualStudioVersion = 10.0.40219.1
Project("{9A19103F-16F7-4668-BE54-9A1E7A4F7556}") = "Core", "Core\Core.csproj", "{481CD48D-A208-4043-903E-DA5A4DD90857}"
EndProject
Project("{9A19103F-16F7-4668-BE54-9A1E7A4F7556}") = "MorseGenerator", "MorseGenerator\MorseGenerator.csproj", "{EA1C3125-ADBD-4FF6-9638-82E6300E7FEB}"
EndProject
Project("{FAE04EC0-301F-11D3-BF4B-00C04F79EFBC}") = "Core.Tests", "Core.Tests\Core.Tests.csproj", "{0EA823B8-FC7E-4743-B707-B32511A72595}"
EndProject
Project("{FAE04EC0-301F-11D3-BF4B-00C04F79EFBC}") = "WindowsApp", "WindowsApp\WindowsApp.csproj", "{47107894-541D-457E-AADB-8886E6ABD373}"
EndProject
Global
	GlobalSection(SolutionConfigurationPlatforms) = preSolution
		Debug|Any CPU = Debug|Any CPU
		Release|Any CPU = Release|Any CPU
	EndGlobalSection
	GlobalSection(ProjectConfigurationPlatforms) = postSolution
		{481CD48D-A208-4043-903E-DA5A4DD90857}.Debug|Any CPU.ActiveCfg = Debug|Any CPU
		{481CD48D-A208-4043-903E-DA5A4DD90857}.Debug|Any CPU.Build.0 = Debug|Any CPU
		{481CD48D-A208-4043-903E-DA5A4DD90857}.Release|Any CPU.ActiveCfg = Release|Any CPU
		{481CD48D-A208-4043-903E-DA5A4DD90857}.Release|Any CPU.Build.0 = Release|Any CPU
		{EA1C3125-ADBD-4FF6-9638-82E6300E7FEB}.Debug|Any CPU.ActiveCfg = Debug|Any CPU
		{EA1C3125-ADBD-4FF6-9638-82E6300E7FEB}.Debug|Any CPU.Build.0 = Debug|Any CPU
		{EA1C3125-ADBD-4FF6-9638-82E6300E7FEB}.Release|Any CPU.ActiveCfg = Release|Any CPU
		{EA1C3125-ADBD-4FF6-9638-82E6300E7FEB}.Release|Any CPU.Build.0 = Release|Any CPU
		{0EA823B8-FC7E-4743-B707-B32511A72595}.Debug|Any CPU.ActiveCfg = Debug|Any CPU
		{0EA823B8-FC7E-4743-B707-B32511A72595}.Debug|Any CPU.Build.0 = Debug|Any CPU
		{0EA823B8-FC7E-4743-B707-B32511A72595}.Release|Any CPU.ActiveCfg = Release|Any CPU
		{0EA823B8-FC7E-4743-B707-B32511A72595}.Release|Any CPU.Build.0 = Release|Any CPU
		{47107894-541D-457E-AADB-8886E6ABD373}.Debug|Any CPU.ActiveCfg = Debug|Any CPU
		{47107894-541D-457E-AADB-8886E6ABD373}.Debug|Any CPU.Build.0 = Debug|Any CPU
		{47107894-541D-457E-AADB-8886E6ABD373}.Release|Any CPU.ActiveCfg = Release|Any CPU
		{47107894-541D-457E-AADB-8886E6ABD373}.Release|Any CPU.Build.0 = Release|Any CPU
	EndGlobalSection
	GlobalSection(SolutionProperties) = preSolution
		HideSolutionNode = FALSE
	EndGlobalSection
	GlobalSection(ExtensibilityGlobals) = postSolution
		SolutionGuid = {CD124F94-B5E5-4D2B-A832-B849F0903BC5}
	EndGlobalSection
EndGlobal
